
Microsoft Visual Studio Solution File, Format Version 12.00
# Visual Studio Version 16
VisualStudioVersion = 16.0.29009.5
MinimumVisualStudioVersion = 10.0.40219.1
Project("{FAE04EC0-301F-11D3-BF4B-00C04F79EFBC}") = "DomoFino.DAL", "DomoFino.DAL\DomoFino.DAL.csproj", "{1EED1214-A717-4996-90FD-D656FBB8548C}"
EndProject
Project("{FAE04EC0-301F-11D3-BF4B-00C04F79EFBC}") = "DomoFino.DAL.Tests", "DomoFino.DAL.Tests\DomoFino.DAL.Tests.csproj", "{DBBD940C-5F48-4D66-A17A-F5504130F1BD}"
EndProject
Project("{FAE04EC0-301F-11D3-BF4B-00C04F79EFBC}") = "DomoFino.WebApi", "DomoFino.WebApi\DomoFino.WebApi.csproj", "{C1BCE92E-3E2F-49D1-80CA-F89A6DBA3038}"
EndProject
Project("{FAE04EC0-301F-11D3-BF4B-00C04F79EFBC}") = "DomoFino.WebApi.Tests", "DomoFino.WebApi.Tests\DomoFino.WebApi.Tests.csproj", "{A956A2BA-4705-4DE1-8F4A-8D9BAF5F7298}"
EndProject
Project("{2150E333-8FDC-42A3-9474-1A3956D46DE8}") = "Tests", "Tests", "{2BCB284D-C09A-49A1-8CC6-8A2922B5D349}"
EndProject
Global
	GlobalSection(SolutionConfigurationPlatforms) = preSolution
		Debug|Any CPU = Debug|Any CPU
		Release|Any CPU = Release|Any CPU
	EndGlobalSection
	GlobalSection(ProjectConfigurationPlatforms) = postSolution
		{1EED1214-A717-4996-90FD-D656FBB8548C}.Debug|Any CPU.ActiveCfg = Debug|Any CPU
		{1EED1214-A717-4996-90FD-D656FBB8548C}.Debug|Any CPU.Build.0 = Debug|Any CPU
		{1EED1214-A717-4996-90FD-D656FBB8548C}.Release|Any CPU.ActiveCfg = Release|Any CPU
		{1EED1214-A717-4996-90FD-D656FBB8548C}.Release|Any CPU.Build.0 = Release|Any CPU
		{DBBD940C-5F48-4D66-A17A-F5504130F1BD}.Debug|Any CPU.ActiveCfg = Debug|Any CPU
		{DBBD940C-5F48-4D66-A17A-F5504130F1BD}.Debug|Any CPU.Build.0 = Debug|Any CPU
		{DBBD940C-5F48-4D66-A17A-F5504130F1BD}.Release|Any CPU.ActiveCfg = Release|Any CPU
		{DBBD940C-5F48-4D66-A17A-F5504130F1BD}.Release|Any CPU.Build.0 = Release|Any CPU
		{C1BCE92E-3E2F-49D1-80CA-F89A6DBA3038}.Debug|Any CPU.ActiveCfg = Debug|Any CPU
		{C1BCE92E-3E2F-49D1-80CA-F89A6DBA3038}.Debug|Any CPU.Build.0 = Debug|Any CPU
		{C1BCE92E-3E2F-49D1-80CA-F89A6DBA3038}.Release|Any CPU.ActiveCfg = Release|Any CPU
		{C1BCE92E-3E2F-49D1-80CA-F89A6DBA3038}.Release|Any CPU.Build.0 = Release|Any CPU
		{A956A2BA-4705-4DE1-8F4A-8D9BAF5F7298}.Debug|Any CPU.ActiveCfg = Debug|Any CPU
		{A956A2BA-4705-4DE1-8F4A-8D9BAF5F7298}.Debug|Any CPU.Build.0 = Debug|Any CPU
		{A956A2BA-4705-4DE1-8F4A-8D9BAF5F7298}.Release|Any CPU.ActiveCfg = Release|Any CPU
		{A956A2BA-4705-4DE1-8F4A-8D9BAF5F7298}.Release|Any CPU.Build.0 = Release|Any CPU
	EndGlobalSection
	GlobalSection(SolutionProperties) = preSolution
		HideSolutionNode = FALSE
	EndGlobalSection
	GlobalSection(NestedProjects) = preSolution
		{DBBD940C-5F48-4D66-A17A-F5504130F1BD} = {2BCB284D-C09A-49A1-8CC6-8A2922B5D349}
		{A956A2BA-4705-4DE1-8F4A-8D9BAF5F7298} = {2BCB284D-C09A-49A1-8CC6-8A2922B5D349}
	EndGlobalSection
	GlobalSection(ExtensibilityGlobals) = postSolution
		SolutionGuid = {77A85694-330C-444F-8CDE-203C00989A3D}
	EndGlobalSection
EndGlobal
